
Microsoft Visual Studio Solution File, Format Version 12.00
# Visual Studio Version 17
VisualStudioVersion = 17.4.33213.308
MinimumVisualStudioVersion = 10.0.40219.1
Project("{FAE04EC0-301F-11D3-BF4B-00C04F79EFBC}") = "DataStructureProblemUsingGenerics", "DataStructureProblemUsingGenerics\DataStructureProblemUsingGenerics.csproj", "{2E9C4723-9F3B-41F5-BB05-42CB5EA35165}"
EndProject
Global
	GlobalSection(SolutionConfigurationPlatforms) = preSolution
		Debug|Any CPU = Debug|Any CPU
		Release|Any CPU = Release|Any CPU
	EndGlobalSection
	GlobalSection(ProjectConfigurationPlatforms) = postSolution
		{2E9C4723-9F3B-41F5-BB05-42CB5EA35165}.Debug|Any CPU.ActiveCfg = Debug|Any CPU
		{2E9C4723-9F3B-41F5-BB05-42CB5EA35165}.Debug|Any CPU.Build.0 = Debug|Any CPU
		{2E9C4723-9F3B-41F5-BB05-42CB5EA35165}.Release|Any CPU.ActiveCfg = Release|Any CPU
		{2E9C4723-9F3B-41F5-BB05-42CB5EA35165}.Release|Any CPU.Build.0 = Release|Any CPU
	EndGlobalSection
	GlobalSection(SolutionProperties) = preSolution
		HideSolutionNode = FALSE
	EndGlobalSection
	GlobalSection(ExtensibilityGlobals) = postSolution
		SolutionGuid = {EBB66741-06B1-477E-B273-DEB988746117}
	EndGlobalSection
EndGlobal
